// !$*UTF8*$!
{
	archiveVersion = 1;
	classes = {
	};
	objectVersion = 46;
	objects = {

/* Begin PBXBuildFile section */
		148035441E92D8EB00C3D05B /* AppDelegate.swift in Sources */ = {isa = PBXBuildFile; fileRef = 148035431E92D8EB00C3D05B /* AppDelegate.swift */; };
		148035461E92D8EB00C3D05B /* ViewController.swift in Sources */ = {isa = PBXBuildFile; fileRef = 148035451E92D8EB00C3D05B /* ViewController.swift */; };
		148035491E92D8EB00C3D05B /* Main.storyboard in Resources */ = {isa = PBXBuildFile; fileRef = 148035471E92D8EB00C3D05B /* Main.storyboard */; };
		1480354B1E92D8EB00C3D05B /* Assets.xcassets in Resources */ = {isa = PBXBuildFile; fileRef = 1480354A1E92D8EB00C3D05B /* Assets.xcassets */; };
		148035651E92DE9D00C3D05B /* CopyableLabel.framework in Frameworks */ = {isa = PBXBuildFile; fileRef = 1480355A1E92D98700C3D05B /* CopyableLabel.framework */; };
/* End PBXBuildFile section */

/* Begin PBXContainerItemProxy section */
		148035591E92D98700C3D05B /* PBXContainerItemProxy */ = {
			isa = PBXContainerItemProxy;
			containerPortal = 148035551E92D98700C3D05B /* CopyableLabel.xcodeproj */;
			proxyType = 2;
			remoteGlobalIDString = 148035241E92D75400C3D05B;
			remoteInfo = CopyableLabel;
		};
/* End PBXContainerItemProxy section */

/* Begin PBXFileReference section */
		148035401E92D8EB00C3D05B /* Example.app */ = {isa = PBXFileReference; explicitFileType = wrapper.application; includeInIndex = 0; path = Example.app; sourceTree = BUILT_PRODUCTS_DIR; };
		148035431E92D8EB00C3D05B /* AppDelegate.swift */ = {isa = PBXFileReference; lastKnownFileType = sourcecode.swift; path = AppDelegate.swift; sourceTree = "<group>"; };
		148035451E92D8EB00C3D05B /* ViewController.swift */ = {isa = PBXFileReference; lastKnownFileType = sourcecode.swift; path = ViewController.swift; sourceTree = "<group>"; };
		148035481E92D8EB00C3D05B /* Base */ = {isa = PBXFileReference; lastKnownFileType = file.storyboard; name = Base; path = Base.lproj/Main.storyboard; sourceTree = "<group>"; };
		1480354A1E92D8EB00C3D05B /* Assets.xcassets */ = {isa = PBXFileReference; lastKnownFileType = folder.assetcatalog; path = Assets.xcassets; sourceTree = "<group>"; };
		1480354F1E92D8EB00C3D05B /* Info.plist */ = {isa = PBXFileReference; lastKnownFileType = text.plist.xml; path = Info.plist; sourceTree = "<group>"; };
		148035551E92D98700C3D05B /* CopyableLabel.xcodeproj */ = {isa = PBXFileReference; lastKnownFileType = "wrapper.pb-project"; name = CopyableLabel.xcodeproj; path = ../CopyableLabel.xcodeproj; sourceTree = "<group>"; };
/* End PBXFileReference section */

/* Begin PBXFrameworksBuildPhase section */
		1480353D1E92D8EB00C3D05B /* Frameworks */ = {
			isa = PBXFrameworksBuildPhase;
			buildActionMask = 2147483647;
			files = (
				148035651E92DE9D00C3D05B /* CopyableLabel.framework in Frameworks */,
			);
			runOnlyForDeploymentPostprocessing = 0;
		};
/* End PBXFrameworksBuildPhase section */

/* Begin PBXGroup section */
		148035371E92D8EB00C3D05B = {
			isa = PBXGroup;
			children = (
				148035421E92D8EB00C3D05B /* Example */,
				148035411E92D8EB00C3D05B /* Products */,
				148035551E92D98700C3D05B /* CopyableLabel.xcodeproj */,
			);
			sourceTree = "<group>";
		};
		148035411E92D8EB00C3D05B /* Products */ = {
			isa = PBXGroup;
			children = (
				148035401E92D8EB00C3D05B /* Example.app */,
			);
			name = Products;
			sourceTree = "<group>";
		};
		148035421E92D8EB00C3D05B /* Example */ = {
			isa = PBXGroup;
			children = (
				148035431E92D8EB00C3D05B /* AppDelegate.swift */,
				148035451E92D8EB00C3D05B /* ViewController.swift */,
				1480355C1E92DA4C00C3D05B /* Supporting Files */,
			);
			path = Example;
			sourceTree = "<group>";
		};
		148035561E92D98700C3D05B /* Products */ = {
			isa = PBXGroup;
			children = (
				1480355A1E92D98700C3D05B /* CopyableLabel.framework */,
			);
			name = Products;
			sourceTree = "<group>";
		};
		1480355C1E92DA4C00C3D05B /* Supporting Files */ = {
			isa = PBXGroup;
			children = (
				148035471E92D8EB00C3D05B /* Main.storyboard */,
				1480354A1E92D8EB00C3D05B /* Assets.xcassets */,
				1480354F1E92D8EB00C3D05B /* Info.plist */,
			);
			name = "Supporting Files";
			sourceTree = "<group>";
		};
/* End PBXGroup section */

/* Begin PBXNativeTarget section */
		1480353F1E92D8EB00C3D05B /* Example */ = {
			isa = PBXNativeTarget;
			buildConfigurationList = 148035521E92D8EB00C3D05B /* Build configuration list for PBXNativeTarget "Example" */;
			buildPhases = (
				1480353C1E92D8EB00C3D05B /* Sources */,
				1480353D1E92D8EB00C3D05B /* Frameworks */,
				1480353E1E92D8EB00C3D05B /* Resources */,
			);
			buildRules = (
			);
			dependencies = (
			);
			name = Example;
			productName = Example;
			productReference = 148035401E92D8EB00C3D05B /* Example.app */;
			productType = "com.apple.product-type.application";
		};
/* End PBXNativeTarget section */

/* Begin PBXProject section */
		148035381E92D8EB00C3D05B /* Project object */ = {
			isa = PBXProject;
			attributes = {
				LastSwiftUpdateCheck = 0830;
				LastUpgradeCheck = 0900;
				ORGANIZATIONNAME = "Donatas Stundys";
				TargetAttributes = {
					1480353F1E92D8EB00C3D05B = {
						CreatedOnToolsVersion = 8.3;
						DevelopmentTeam = MS3LX5AAE9;
						ProvisioningStyle = Automatic;
					};
				};
			};
			buildConfigurationList = 1480353B1E92D8EB00C3D05B /* Build configuration list for PBXProject "Example" */;
			compatibilityVersion = "Xcode 3.2";
			developmentRegion = English;
			hasScannedForEncodings = 0;
			knownRegions = (
				en,
				Base,
			);
			mainGroup = 148035371E92D8EB00C3D05B;
			productRefGroup = 148035411E92D8EB00C3D05B /* Products */;
			projectDirPath = "";
			projectReferences = (
				{
					ProductGroup = 148035561E92D98700C3D05B /* Products */;
					ProjectRef = 148035551E92D98700C3D05B /* CopyableLabel.xcodeproj */;
				},
			);
			projectRoot = "";
			targets = (
				1480353F1E92D8EB00C3D05B /* Example */,
			);
		};
/* End PBXProject section */

/* Begin PBXReferenceProxy section */
		1480355A1E92D98700C3D05B /* CopyableLabel.framework */ = {
			isa = PBXReferenceProxy;
			fileType = wrapper.framework;
			path = CopyableLabel.framework;
			remoteRef = 148035591E92D98700C3D05B /* PBXContainerItemProxy */;
			sourceTree = BUILT_PRODUCTS_DIR;
		};
/* End PBXReferenceProxy section */

/* Begin PBXResourcesBuildPhase section */
		1480353E1E92D8EB00C3D05B /* Resources */ = {
			isa = PBXResourcesBuildPhase;
			buildActionMask = 2147483647;
			files = (
				1480354B1E92D8EB00C3D05B /* Assets.xcassets in Resources */,
				148035491E92D8EB00C3D05B /* Main.storyboard in Resources */,
			);
			runOnlyForDeploymentPostprocessing = 0;
		};
/* End PBXResourcesBuildPhase section */

/* Begin PBXSourcesBuildPhase section */
		1480353C1E92D8EB00C3D05B /* Sources */ = {
			isa = PBXSourcesBuildPhase;
			buildActionMask = 2147483647;
			files = (
				148035461E92D8EB00C3D05B /* ViewController.swift in Sources */,
				148035441E92D8EB00C3D05B /* AppDelegate.swift in Sources */,
			);
			runOnlyForDeploymentPostprocessing = 0;
		};
/* End PBXSourcesBuildPhase section */

/* Begin PBXVariantGroup section */
		148035471E92D8EB00C3D05B /* Main.storyboard */ = {
			isa = PBXVariantGroup;
			children = (
				148035481E92D8EB00C3D05B /* Base */,
			);
			name = Main.storyboard;
			sourceTree = "<group>";
		};
/* End PBXVariantGroup section */

/* Begin XCBuildConfiguration section */
		148035501E92D8EB00C3D05B /* Debug */ = {
			isa = XCBuildConfiguration;
			buildSettings = {
				ALWAYS_SEARCH_USER_PATHS = NO;
				CLANG_ANALYZER_NONNULL = YES;
				CLANG_ANALYZER_NUMBER_OBJECT_CONVERSION = YES_AGGRESSIVE;
				CLANG_CXX_LANGUAGE_STANDARD = "gnu++0x";
				CLANG_CXX_LIBRARY = "libc++";
				CLANG_ENABLE_MODULES = YES;
				CLANG_ENABLE_OBJC_ARC = YES;
				CLANG_WARN_BLOCK_CAPTURE_AUTORELEASING = YES;
				CLANG_WARN_BOOL_CONVERSION = YES;
				CLANG_WARN_COMMA = YES;
				CLANG_WARN_CONSTANT_CONVERSION = YES;
				CLANG_WARN_DIRECT_OBJC_ISA_USAGE = YES_ERROR;
				CLANG_WARN_DOCUMENTATION_COMMENTS = YES;
				CLANG_WARN_EMPTY_BODY = YES;
				CLANG_WARN_ENUM_CONVERSION = YES;
				CLANG_WARN_INFINITE_RECURSION = YES;
				CLANG_WARN_INT_CONVERSION = YES;
				CLANG_WARN_NON_LITERAL_NULL_CONVERSION = YES;
				CLANG_WARN_OBJC_LITERAL_CONVERSION = YES;
				CLANG_WARN_OBJC_ROOT_CLASS = YES_ERROR;
				CLANG_WARN_RANGE_LOOP_ANALYSIS = YES;
				CLANG_WARN_STRICT_PROTOTYPES = YES;
				CLANG_WARN_SUSPICIOUS_MOVE = YES;
				CLANG_WARN_UNREACHABLE_CODE = YES;
				CLANG_WARN__DUPLICATE_METHOD_MATCH = YES;
				"CODE_SIGN_IDENTITY[sdk=iphoneos*]" = "iPhone Developer";
				COPY_PHASE_STRIP = NO;
				DEBUG_INFORMATION_FORMAT = dwarf;
				ENABLE_STRICT_OBJC_MSGSEND = YES;
				ENABLE_TESTABILITY = YES;
				GCC_C_LANGUAGE_STANDARD = gnu99;
				GCC_DYNAMIC_NO_PIC = NO;
				GCC_NO_COMMON_BLOCKS = YES;
				GCC_OPTIMIZATION_LEVEL = 0;
				GCC_PREPROCESSOR_DEFINITIONS = (
					"DEBUG=1",
					"$(inherited)",
				);
				GCC_WARN_64_TO_32_BIT_CONVERSION = YES;
				GCC_WARN_ABOUT_RETURN_TYPE = YES_ERROR;
				GCC_WARN_UNDECLARED_SELECTOR = YES;
				GCC_WARN_UNINITIALIZED_AUTOS = YES_AGGRESSIVE;
				GCC_WARN_UNUSED_FUNCTION = YES;
				GCC_WARN_UNUSED_VARIABLE = YES;
				IPHONEOS_DEPLOYMENT_TARGET = 9.0;
				MTL_ENABLE_DEBUG_INFO = YES;
				ONLY_ACTIVE_ARCH = YES;
				SDKROOT = iphoneos;
				SWIFT_ACTIVE_COMPILATION_CONDITIONS = DEBUG;
				SWIFT_OPTIMIZATION_LEVEL = "-Onone";
				SWIFT_VERSION = 4.0;
				TARGETED_DEVICE_FAMILY = "1,2";
			};
			name = Debug;
		};
		148035511E92D8EB00C3D05B /* Release */ = {
			isa = XCBuildConfiguration;
			buildSettings = {
				ALWAYS_SEARCH_USER_PATHS = NO;
				CLANG_ANALYZER_NONNULL = YES;
				CLANG_ANALYZER_NUMBER_OBJECT_CONVERSION = YES_AGGRESSIVE;
				CLANG_CXX_LANGUAGE_STANDARD = "gnu++0x";
				CLANG_CXX_LIBRARY = "libc++";
				CLANG_ENABLE_MODULES = YES;
				CLANG_ENABLE_OBJC_ARC = YES;
				CLANG_WARN_BLOCK_CAPTURE_AUTORELEASING = YES;
				CLANG_WARN_BOOL_CONVERSION = YES;
				CLANG_WARN_COMMA = YES;
				CLANG_WARN_CONSTANT_CONVERSION = YES;
				CLANG_WARN_DIRECT_OBJC_ISA_USAGE = YES_ERROR;
				CLANG_WARN_DOCUMENTATION_COMMENTS = YES;
				CLANG_WARN_EMPTY_BODY = YES;
				CLANG_WARN_ENUM_CONVERSION = YES;
				CLANG_WARN_INFINITE_RECURSION = YES;
				CLANG_WARN_INT_CONVERSION = YES;
				CLANG_WARN_NON_LITERAL_NULL_CONVERSION = YES;
				CLANG_WARN_OBJC_LITERAL_CONVERSION = YES;
				CLANG_WARN_OBJC_ROOT_CLASS = YES_ERROR;
				CLANG_WARN_RANGE_LOOP_ANALYSIS = YES;
				CLANG_WARN_STRICT_PROTOTYPES = YES;
				CLANG_WARN_SUSPICIOUS_MOVE = YES;
				CLANG_WARN_UNREACHABLE_CODE = YES;
				CLANG_WARN__DUPLICATE_METHOD_MATCH = YES;
				"CODE_SIGN_IDENTITY[sdk=iphoneos*]" = "iPhone Developer";
				COPY_PHASE_STRIP = NO;
				DEBUG_INFORMATION_FORMAT = "dwarf-with-dsym";
				ENABLE_NS_ASSERTIONS = NO;
				ENABLE_STRICT_OBJC_MSGSEND = YES;
				GCC_C_LANGUAGE_STANDARD = gnu99;
				GCC_NO_COMMON_BLOCKS = YES;
				GCC_WARN_64_TO_32_BIT_CONVERSION = YES;
				GCC_WARN_ABOUT_RETURN_TYPE = YES_ERROR;
				GCC_WARN_UNDECLARED_SELECTOR = YES;
				GCC_WARN_UNINITIALIZED_AUTOS = YES_AGGRESSIVE;
				GCC_WARN_UNUSED_FUNCTION = YES;
				GCC_WARN_UNUSED_VARIABLE = YES;
				IPHONEOS_DEPLOYMENT_TARGET = 9.0;
				MTL_ENABLE_DEBUG_INFO = NO;
				SDKROOT = iphoneos;
				SWIFT_OPTIMIZATION_LEVEL = "-Owholemodule";
				SWIFT_VERSION = 4.0;
				TARGETED_DEVICE_FAMILY = "1,2";
				VALIDATE_PRODUCT = YES;
			};
			name = Release;
		};
		148035531E92D8EB00C3D05B /* Debug */ = {
			isa = XCBuildConfiguration;
			buildSettings = {
				ASSETCATALOG_COMPILER_APPICON_NAME = AppIcon;
				DEVELOPMENT_TEAM = MS3LX5AAE9;
				INFOPLIST_FILE = Example/Info.plist;
				LD_RUNPATH_SEARCH_PATHS = "$(inherited) @executable_path/Frameworks";
				PRODUCT_BUNDLE_IDENTIFIER = com.stundys.copyableLabel.Example;
				PRODUCT_NAME = "$(TARGET_NAME)";
			};
			name = Debug;
		};
		148035541E92D8EB00C3D05B /* Release */ = {
			isa = XCBuildConfiguration;
			buildSettings = {
				ASSETCATALOG_COMPILER_APPICON_NAME = AppIcon;
				DEVELOPMENT_TEAM = MS3LX5AAE9;
				INFOPLIST_FILE = Example/Info.plist;
				LD_RUNPATH_SEARCH_PATHS = "$(inherited) @executable_path/Frameworks";
				PRODUCT_BUNDLE_IDENTIFIER = com.stundys.copyableLabel.Example;
				PRODUCT_NAME = "$(TARGET_NAME)";
			};
			name = Release;
		};
/* End XCBuildConfiguration section */

/* Begin XCConfigurationList section */
		1480353B1E92D8EB00C3D05B /* Build configuration list for PBXProject "Example" */ = {
			isa = XCConfigurationList;
			buildConfigurations = (
				148035501E92D8EB00C3D05B /* Debug */,
				148035511E92D8EB00C3D05B /* Release */,
			);
			defaultConfigurationIsVisible = 0;
			defaultConfigurationName = Release;
		};
		148035521E92D8EB00C3D05B /* Build configuration list for PBXNativeTarget "Example" */ = {
			isa = XCConfigurationList;
			buildConfigurations = (
				148035531E92D8EB00C3D05B /* Debug */,
				148035541E92D8EB00C3D05B /* Release */,
			);
			defaultConfigurationIsVisible = 0;
			defaultConfigurationName = Release;
		};
/* End XCConfigurationList section */
	};
	rootObject = 148035381E92D8EB00C3D05B /* Project object */;
}
